
Microsoft Visual Studio Solution File, Format Version 12.00
# Visual Studio Version 17
VisualStudioVersion = 17.0.31919.166
MinimumVisualStudioVersion = 10.0.40219.1
Project("{FAE04EC0-301F-11D3-BF4B-00C04F79EFBC}") = "Card_Game", "Card_Game\Card_Game.csproj", "{E94B87EE-9A54-489C-97F2-FE30EE8B2CCF}"
EndProject
Global
	GlobalSection(SolutionConfigurationPlatforms) = preSolution
		Debug|Any CPU = Debug|Any CPU
		Release|Any CPU = Release|Any CPU
	EndGlobalSection
	GlobalSection(ProjectConfigurationPlatforms) = postSolution
		{E94B87EE-9A54-489C-97F2-FE30EE8B2CCF}.Debug|Any CPU.ActiveCfg = Debug|Any CPU
		{E94B87EE-9A54-489C-97F2-FE30EE8B2CCF}.Debug|Any CPU.Build.0 = Debug|Any CPU
		{E94B87EE-9A54-489C-97F2-FE30EE8B2CCF}.Release|Any CPU.ActiveCfg = Release|Any CPU
		{E94B87EE-9A54-489C-97F2-FE30EE8B2CCF}.Release|Any CPU.Build.0 = Release|Any CPU
	EndGlobalSection
	GlobalSection(SolutionProperties) = preSolution
		HideSolutionNode = FALSE
	EndGlobalSection
	GlobalSection(ExtensibilityGlobals) = postSolution
		SolutionGuid = {5EC4723A-42FA-4269-B5C2-AA37FEC0FB06}
	EndGlobalSection
EndGlobal
